
Microsoft Visual Studio Solution File, Format Version 12.00
# Visual Studio Version 17
VisualStudioVersion = 17.3.32901.215
MinimumVisualStudioVersion = 10.0.40219.1
Project("{8BC9CEB8-8B4A-11D0-8D11-00A0C91BC942}") = "DataContainers", "DataContainers\DataContainers.vcxproj", "{65C80286-D29A-4A4F-A6DC-950442ECC64B}"
EndProject
Project("{8BC9CEB8-8B4A-11D0-8D11-00A0C91BC942}") = "ForwardList", "ForwardList\ForwardList.vcxproj", "{11EF0805-C125-410E-B5E9-C8B3F1E9BA81}"
EndProject
Project("{8BC9CEB8-8B4A-11D0-8D11-00A0C91BC942}") = "List2", "List2\List2.vcxproj", "{B207D487-7BFA-4E6E-8CD1-97E64D38A0D0}"
EndProject
Project("{8BC9CEB8-8B4A-11D0-8D11-00A0C91BC942}") = "BinaryTree", "BinaryTree\BinaryTree.vcxproj", "{1B0D671A-0457-4A05-8981-E3DBE5489E25}"
EndProject
Global
	GlobalSection(SolutionConfigurationPlatforms) = preSolution
		Debug|x64 = Debug|x64
		Debug|x86 = Debug|x86
		Release|x64 = Release|x64
		Release|x86 = Release|x86
	EndGlobalSection
	GlobalSection(ProjectConfigurationPlatforms) = postSolution
		{65C80286-D29A-4A4F-A6DC-950442ECC64B}.Debug|x64.ActiveCfg = Debug|x64
		{65C80286-D29A-4A4F-A6DC-950442ECC64B}.Debug|x64.Build.0 = Debug|x64
		{65C80286-D29A-4A4F-A6DC-950442ECC64B}.Debug|x86.ActiveCfg = Debug|Win32
		{65C80286-D29A-4A4F-A6DC-950442ECC64B}.Debug|x86.Build.0 = Debug|Win32
		{65C80286-D29A-4A4F-A6DC-950442ECC64B}.Release|x64.ActiveCfg = Release|x64
		{65C80286-D29A-4A4F-A6DC-950442ECC64B}.Release|x64.Build.0 = Release|x64
		{65C80286-D29A-4A4F-A6DC-950442ECC64B}.Release|x86.ActiveCfg = Release|Win32
		{65C80286-D29A-4A4F-A6DC-950442ECC64B}.Release|x86.Build.0 = Release|Win32
		{11EF0805-C125-410E-B5E9-C8B3F1E9BA81}.Debug|x64.ActiveCfg = Debug|x64
		{11EF0805-C125-410E-B5E9-C8B3F1E9BA81}.Debug|x64.Build.0 = Debug|x64
		{11EF0805-C125-410E-B5E9-C8B3F1E9BA81}.Debug|x86.ActiveCfg = Debug|Win32
		{11EF0805-C125-410E-B5E9-C8B3F1E9BA81}.Debug|x86.Build.0 = Debug|Win32
		{11EF0805-C125-410E-B5E9-C8B3F1E9BA81}.Release|x64.ActiveCfg = Release|x64
		{11EF0805-C125-410E-B5E9-C8B3F1E9BA81}.Release|x64.Build.0 = Release|x64
		{11EF0805-C125-410E-B5E9-C8B3F1E9BA81}.Release|x86.ActiveCfg = Release|Win32
		{11EF0805-C125-410E-B5E9-C8B3F1E9BA81}.Release|x86.Build.0 = Release|Win32
		{B207D487-7BFA-4E6E-8CD1-97E64D38A0D0}.Debug|x64.ActiveCfg = Debug|x64
		{B207D487-7BFA-4E6E-8CD1-97E64D38A0D0}.Debug|x64.Build.0 = Debug|x64
		{B207D487-7BFA-4E6E-8CD1-97E64D38A0D0}.Debug|x86.ActiveCfg = Debug|Win32
		{B207D487-7BFA-4E6E-8CD1-97E64D38A0D0}.Debug|x86.Build.0 = Debug|Win32
		{B207D487-7BFA-4E6E-8CD1-97E64D38A0D0}.Release|x64.ActiveCfg = Release|x64
		{B207D487-7BFA-4E6E-8CD1-97E64D38A0D0}.Release|x64.Build.0 = Release|x64
		{B207D487-7BFA-4E6E-8CD1-97E64D38A0D0}.Release|x86.ActiveCfg = Release|Win32
		{B207D487-7BFA-4E6E-8CD1-97E64D38A0D0}.Release|x86.Build.0 = Release|Win32
		{1B0D671A-0457-4A05-8981-E3DBE5489E25}.Debug|x64.ActiveCfg = Debug|x64
		{1B0D671A-0457-4A05-8981-E3DBE5489E25}.Debug|x64.Build.0 = Debug|x64
		{1B0D671A-0457-4A05-8981-E3DBE5489E25}.Debug|x86.ActiveCfg = Debug|Win32
		{1B0D671A-0457-4A05-8981-E3DBE5489E25}.Debug|x86.Build.0 = Debug|Win32
		{1B0D671A-0457-4A05-8981-E3DBE5489E25}.Release|x64.ActiveCfg = Release|x64
		{1B0D671A-0457-4A05-8981-E3DBE5489E25}.Release|x64.Build.0 = Release|x64
		{1B0D671A-0457-4A05-8981-E3DBE5489E25}.Release|x86.ActiveCfg = Release|Win32
		{1B0D671A-0457-4A05-8981-E3DBE5489E25}.Release|x86.Build.0 = Release|Win32
	EndGlobalSection
	GlobalSection(SolutionProperties) = preSolution
		HideSolutionNode = FALSE
	EndGlobalSection
	GlobalSection(ExtensibilityGlobals) = postSolution
		SolutionGuid = {28674631-2F58-4DCE-8795-2AAB1D1797D4}
	EndGlobalSection
EndGlobal
